
Microsoft Visual Studio Solution File, Format Version 12.00
# Visual Studio 15
VisualStudioVersion = 15.0.28010.2016
MinimumVisualStudioVersion = 10.0.40219.1
Project("{FAE04EC0-301F-11D3-BF4B-00C04F79EFBC}") = "Pipeclient", "Pipeclient\Pipeclient.csproj", "{D667CAC3-D08C-41E0-A82B-AD2020B12A9F}"
EndProject
Project("{FAE04EC0-301F-11D3-BF4B-00C04F79EFBC}") = "PipeServer", "PipeServer\PipeServer.csproj", "{91C31B86-3C2B-4439-845D-1FED0C8AF3F6}"
EndProject
Global
	GlobalSection(SolutionConfigurationPlatforms) = preSolution
		Debug|Any CPU = Debug|Any CPU
		Release|Any CPU = Release|Any CPU
	EndGlobalSection
	GlobalSection(ProjectConfigurationPlatforms) = postSolution
		{D667CAC3-D08C-41E0-A82B-AD2020B12A9F}.Debug|Any CPU.ActiveCfg = Debug|Any CPU
		{D667CAC3-D08C-41E0-A82B-AD2020B12A9F}.Debug|Any CPU.Build.0 = Debug|Any CPU
		{D667CAC3-D08C-41E0-A82B-AD2020B12A9F}.Release|Any CPU.ActiveCfg = Release|Any CPU
		{D667CAC3-D08C-41E0-A82B-AD2020B12A9F}.Release|Any CPU.Build.0 = Release|Any CPU
		{91C31B86-3C2B-4439-845D-1FED0C8AF3F6}.Debug|Any CPU.ActiveCfg = Debug|Any CPU
		{91C31B86-3C2B-4439-845D-1FED0C8AF3F6}.Debug|Any CPU.Build.0 = Debug|Any CPU
		{91C31B86-3C2B-4439-845D-1FED0C8AF3F6}.Release|Any CPU.ActiveCfg = Release|Any CPU
		{91C31B86-3C2B-4439-845D-1FED0C8AF3F6}.Release|Any CPU.Build.0 = Release|Any CPU
	EndGlobalSection
	GlobalSection(SolutionProperties) = preSolution
		HideSolutionNode = FALSE
	EndGlobalSection
	GlobalSection(ExtensibilityGlobals) = postSolution
		SolutionGuid = {F3C16AB4-B8DA-44A0-8A25-66B0D2B9C408}
	EndGlobalSection
EndGlobal
